
Microsoft Visual Studio Solution File, Format Version 12.00
# Visual Studio Version 17
VisualStudioVersion = 17.4.33110.190
MinimumVisualStudioVersion = 10.0.40219.1
Project("{9A19103F-16F7-4668-BE54-9A1E7A4F7556}") = "Library Of Babel Destop Application", "Library Of Babel Destop Application\Library Of Babel Destop Application.csproj", "{3F3799D9-39AB-47B5-8052-8B0D1B51FFD5}"
	ProjectSection(ProjectDependencies) = postProject
		{48D99BFF-B793-4E2E-BC1D-7CE3D9ED4E2E} = {48D99BFF-B793-4E2E-BC1D-7CE3D9ED4E2E}
	EndProjectSection
EndProject
Project("{9A19103F-16F7-4668-BE54-9A1E7A4F7556}") = "Library Of Babel Web Application", "Library Of Babel Web Application\Library Of Babel Web Application.csproj", "{41839094-290B-456A-99EF-025EA8BAFF64}"
EndProject
Project("{9A19103F-16F7-4668-BE54-9A1E7A4F7556}") = "DataLogic", "DataLogic\DataLogic.csproj", "{30C0BBA1-25E1-4583-9F33-1D88C70F76B6}"
EndProject
Project("{9A19103F-16F7-4668-BE54-9A1E7A4F7556}") = "Logic", "Logic\Logic.csproj", "{48D99BFF-B793-4E2E-BC1D-7CE3D9ED4E2E}"
EndProject
Project("{9A19103F-16F7-4668-BE54-9A1E7A4F7556}") = "UnitTests", "Unit Tests\UnitTests.csproj", "{408FC21B-E1AF-4ACD-93C6-010E4A7F8F8B}"
EndProject
Global
	GlobalSection(SolutionConfigurationPlatforms) = preSolution
		Debug|Any CPU = Debug|Any CPU
		Release|Any CPU = Release|Any CPU
	EndGlobalSection
	GlobalSection(ProjectConfigurationPlatforms) = postSolution
		{3F3799D9-39AB-47B5-8052-8B0D1B51FFD5}.Debug|Any CPU.ActiveCfg = Debug|Any CPU
		{3F3799D9-39AB-47B5-8052-8B0D1B51FFD5}.Debug|Any CPU.Build.0 = Debug|Any CPU
		{3F3799D9-39AB-47B5-8052-8B0D1B51FFD5}.Release|Any CPU.ActiveCfg = Release|Any CPU
		{3F3799D9-39AB-47B5-8052-8B0D1B51FFD5}.Release|Any CPU.Build.0 = Release|Any CPU
		{41839094-290B-456A-99EF-025EA8BAFF64}.Debug|Any CPU.ActiveCfg = Debug|Any CPU
		{41839094-290B-456A-99EF-025EA8BAFF64}.Debug|Any CPU.Build.0 = Debug|Any CPU
		{41839094-290B-456A-99EF-025EA8BAFF64}.Release|Any CPU.ActiveCfg = Release|Any CPU
		{41839094-290B-456A-99EF-025EA8BAFF64}.Release|Any CPU.Build.0 = Release|Any CPU
		{30C0BBA1-25E1-4583-9F33-1D88C70F76B6}.Debug|Any CPU.ActiveCfg = Debug|Any CPU
		{30C0BBA1-25E1-4583-9F33-1D88C70F76B6}.Debug|Any CPU.Build.0 = Debug|Any CPU
		{30C0BBA1-25E1-4583-9F33-1D88C70F76B6}.Release|Any CPU.ActiveCfg = Release|Any CPU
		{30C0BBA1-25E1-4583-9F33-1D88C70F76B6}.Release|Any CPU.Build.0 = Release|Any CPU
		{48D99BFF-B793-4E2E-BC1D-7CE3D9ED4E2E}.Debug|Any CPU.ActiveCfg = Debug|Any CPU
		{48D99BFF-B793-4E2E-BC1D-7CE3D9ED4E2E}.Debug|Any CPU.Build.0 = Debug|Any CPU
		{48D99BFF-B793-4E2E-BC1D-7CE3D9ED4E2E}.Release|Any CPU.ActiveCfg = Release|Any CPU
		{48D99BFF-B793-4E2E-BC1D-7CE3D9ED4E2E}.Release|Any CPU.Build.0 = Release|Any CPU
		{408FC21B-E1AF-4ACD-93C6-010E4A7F8F8B}.Debug|Any CPU.ActiveCfg = Debug|Any CPU
		{408FC21B-E1AF-4ACD-93C6-010E4A7F8F8B}.Debug|Any CPU.Build.0 = Debug|Any CPU
		{408FC21B-E1AF-4ACD-93C6-010E4A7F8F8B}.Release|Any CPU.ActiveCfg = Release|Any CPU
		{408FC21B-E1AF-4ACD-93C6-010E4A7F8F8B}.Release|Any CPU.Build.0 = Release|Any CPU
	EndGlobalSection
	GlobalSection(SolutionProperties) = preSolution
		HideSolutionNode = FALSE
	EndGlobalSection
	GlobalSection(ExtensibilityGlobals) = postSolution
		SolutionGuid = {C727A0BA-DBF3-4BE6-AE12-E45AF1C68CB3}
	EndGlobalSection
EndGlobal
